// !$*UTF8*$!
{
	archiveVersion = 1;
	classes = {
	};
	objectVersion = 46;
	objects = {

/* Begin PBXBuildFile section */
		E7AF17F71C5FBAFE00B4F428 /* AppDelegate.swift in Sources */ = {isa = PBXBuildFile; fileRef = E7AF17F61C5FBAFE00B4F428 /* AppDelegate.swift */; };
		E7AF17F91C5FBAFE00B4F428 /* ViewController.swift in Sources */ = {isa = PBXBuildFile; fileRef = E7AF17F81C5FBAFE00B4F428 /* ViewController.swift */; };
		E7AF17FC1C5FBAFE00B4F428 /* Main.storyboard in Resources */ = {isa = PBXBuildFile; fileRef = E7AF17FA1C5FBAFE00B4F428 /* Main.storyboard */; };
		E7AF17FE1C5FBAFE00B4F428 /* Assets.xcassets in Resources */ = {isa = PBXBuildFile; fileRef = E7AF17FD1C5FBAFE00B4F428 /* Assets.xcassets */; };
		E7AF18011C5FBAFE00B4F428 /* LaunchScreen.storyboard in Resources */ = {isa = PBXBuildFile; fileRef = E7AF17FF1C5FBAFE00B4F428 /* LaunchScreen.storyboard */; };
		E7AF180C1C5FBAFF00B4F428 /* YXMusic_____Tests.swift in Sources */ = {isa = PBXBuildFile; fileRef = E7AF180B1C5FBAFF00B4F428 /* YXMusic_____Tests.swift */; };
		E7AF18171C5FBAFF00B4F428 /* YXMusic_____UITests.swift in Sources */ = {isa = PBXBuildFile; fileRef = E7AF18161C5FBAFF00B4F428 /* YXMusic_____UITests.swift */; };
/* End PBXBuildFile section */

/* Begin PBXContainerItemProxy section */
		E7AF18081C5FBAFF00B4F428 /* PBXContainerItemProxy */ = {
			isa = PBXContainerItemProxy;
			containerPortal = E7AF17EB1C5FBAFE00B4F428 /* Project object */;
			proxyType = 1;
			remoteGlobalIDString = E7AF17F21C5FBAFE00B4F428;
			remoteInfo = "YXMusic音乐播放器";
		};
		E7AF18131C5FBAFF00B4F428 /* PBXContainerItemProxy */ = {
			isa = PBXContainerItemProxy;
			containerPortal = E7AF17EB1C5FBAFE00B4F428 /* Project object */;
			proxyType = 1;
			remoteGlobalIDString = E7AF17F21C5FBAFE00B4F428;
			remoteInfo = "YXMusic音乐播放器";
		};
/* End PBXContainerItemProxy section */

/* Begin PBXFileReference section */
		E7AF17F31C5FBAFE00B4F428 /* YXMusic音乐播放器.app */ = {isa = PBXFileReference; explicitFileType = wrapper.application; includeInIndex = 0; path = "YXMusic音乐播放器.app"; sourceTree = BUILT_PRODUCTS_DIR; };
		E7AF17F61C5FBAFE00B4F428 /* AppDelegate.swift */ = {isa = PBXFileReference; lastKnownFileType = sourcecode.swift; path = AppDelegate.swift; sourceTree = "<group>"; };
		E7AF17F81C5FBAFE00B4F428 /* ViewController.swift */ = {isa = PBXFileReference; lastKnownFileType = sourcecode.swift; path = ViewController.swift; sourceTree = "<group>"; };
		E7AF17FB1C5FBAFE00B4F428 /* Base */ = {isa = PBXFileReference; lastKnownFileType = file.storyboard; name = Base; path = Base.lproj/Main.storyboard; sourceTree = "<group>"; };
		E7AF17FD1C5FBAFE00B4F428 /* Assets.xcassets */ = {isa = PBXFileReference; lastKnownFileType = folder.assetcatalog; path = Assets.xcassets; sourceTree = "<group>"; };
		E7AF18001C5FBAFE00B4F428 /* Base */ = {isa = PBXFileReference; lastKnownFileType = file.storyboard; name = Base; path = Base.lproj/LaunchScreen.storyboard; sourceTree = "<group>"; };
		E7AF18021C5FBAFE00B4F428 /* Info.plist */ = {isa = PBXFileReference; lastKnownFileType = text.plist.xml; path = Info.plist; sourceTree = "<group>"; };
		E7AF18071C5FBAFF00B4F428 /* YXMusic音乐播放器Tests.xctest */ = {isa = PBXFileReference; explicitFileType = wrapper.cfbundle; includeInIndex = 0; path = "YXMusic音乐播放器Tests.xctest"; sourceTree = BUILT_PRODUCTS_DIR; };
		E7AF180B1C5FBAFF00B4F428 /* YXMusic_____Tests.swift */ = {isa = PBXFileReference; lastKnownFileType = sourcecode.swift; path = "YXMusic_____Tests.swift"; sourceTree = "<group>"; };
		E7AF180D1C5FBAFF00B4F428 /* Info.plist */ = {isa = PBXFileReference; lastKnownFileType = text.plist.xml; path = Info.plist; sourceTree = "<group>"; };
		E7AF18121C5FBAFF00B4F428 /* YXMusic音乐播放器UITests.xctest */ = {isa = PBXFileReference; explicitFileType = wrapper.cfbundle; includeInIndex = 0; path = "YXMusic音乐播放器UITests.xctest"; sourceTree = BUILT_PRODUCTS_DIR; };
		E7AF18161C5FBAFF00B4F428 /* YXMusic_____UITests.swift */ = {isa = PBXFileReference; lastKnownFileType = sourcecode.swift; path = "YXMusic_____UITests.swift"; sourceTree = "<group>"; };
		E7AF18181C5FBAFF00B4F428 /* Info.plist */ = {isa = PBXFileReference; lastKnownFileType = text.plist.xml; path = Info.plist; sourceTree = "<group>"; };
/* End PBXFileReference section */

/* Begin PBXFrameworksBuildPhase section */
		E7AF17F01C5FBAFE00B4F428 /* Frameworks */ = {
			isa = PBXFrameworksBuildPhase;
			buildActionMask = 2147483647;
			files = (
			);
			runOnlyForDeploymentPostprocessing = 0;
		};
		E7AF18041C5FBAFF00B4F428 /* Frameworks */ = {
			isa = PBXFrameworksBuildPhase;
			buildActionMask = 2147483647;
			files = (
			);
			runOnlyForDeploymentPostprocessing = 0;
		};
		E7AF180F1C5FBAFF00B4F428 /* Frameworks */ = {
			isa = PBXFrameworksBuildPhase;
			buildActionMask = 2147483647;
			files = (
			);
			runOnlyForDeploymentPostprocessing = 0;
		};
/* End PBXFrameworksBuildPhase section */

/* Begin PBXGroup section */
		E7AF17EA1C5FBAFE00B4F428 = {
			isa = PBXGroup;
			children = (
				E7AF17F51C5FBAFE00B4F428 /* YXMusic音乐播放器 */,
				E7AF180A1C5FBAFF00B4F428 /* YXMusic音乐播放器Tests */,
				E7AF18151C5FBAFF00B4F428 /* YXMusic音乐播放器UITests */,
				E7AF17F41C5FBAFE00B4F428 /* Products */,
			);
			sourceTree = "<group>";
		};
		E7AF17F41C5FBAFE00B4F428 /* Products */ = {
			isa = PBXGroup;
			children = (
				E7AF17F31C5FBAFE00B4F428 /* YXMusic音乐播放器.app */,
				E7AF18071C5FBAFF00B4F428 /* YXMusic音乐播放器Tests.xctest */,
				E7AF18121C5FBAFF00B4F428 /* YXMusic音乐播放器UITests.xctest */,
			);
			name = Products;
			sourceTree = "<group>";
		};
		E7AF17F51C5FBAFE00B4F428 /* YXMusic音乐播放器 */ = {
			isa = PBXGroup;
			children = (
				E7AF17F61C5FBAFE00B4F428 /* AppDelegate.swift */,
				E7AF17F81C5FBAFE00B4F428 /* ViewController.swift */,
				E7AF17FA1C5FBAFE00B4F428 /* Main.storyboard */,
				E7AF17FD1C5FBAFE00B4F428 /* Assets.xcassets */,
				E7AF17FF1C5FBAFE00B4F428 /* LaunchScreen.storyboard */,
				E7AF18021C5FBAFE00B4F428 /* Info.plist */,
			);
			path = "YXMusic音乐播放器";
			sourceTree = "<group>";
		};
		E7AF180A1C5FBAFF00B4F428 /* YXMusic音乐播放器Tests */ = {
			isa = PBXGroup;
			children = (
				E7AF180B1C5FBAFF00B4F428 /* YXMusic_____Tests.swift */,
				E7AF180D1C5FBAFF00B4F428 /* Info.plist */,
			);
			path = "YXMusic音乐播放器Tests";
			sourceTree = "<group>";
		};
		E7AF18151C5FBAFF00B4F428 /* YXMusic音乐播放器UITests */ = {
			isa = PBXGroup;
			children = (
				E7AF18161C5FBAFF00B4F428 /* YXMusic_____UITests.swift */,
				E7AF18181C5FBAFF00B4F428 /* Info.plist */,
			);
			path = "YXMusic音乐播放器UITests";
			sourceTree = "<group>";
		};
/* End PBXGroup section */

/* Begin PBXNativeTarget section */
		E7AF17F21C5FBAFE00B4F428 /* YXMusic音乐播放器 */ = {
			isa = PBXNativeTarget;
			buildConfigurationList = E7AF181B1C5FBAFF00B4F428 /* Build configuration list for PBXNativeTarget "YXMusic音乐播放器" */;
			buildPhases = (
				E7AF17EF1C5FBAFE00B4F428 /* Sources */,
				E7AF17F01C5FBAFE00B4F428 /* Frameworks */,
				E7AF17F11C5FBAFE00B4F428 /* Resources */,
			);
			buildRules = (
			);
			dependencies = (
			);
			name = "YXMusic音乐播放器";
			productName = "YXMusic音乐播放器";
			productReference = E7AF17F31C5FBAFE00B4F428 /* YXMusic音乐播放器.app */;
			productType = "com.apple.product-type.application";
		};
		E7AF18061C5FBAFF00B4F428 /* YXMusic音乐播放器Tests */ = {
			isa = PBXNativeTarget;
			buildConfigurationList = E7AF181E1C5FBAFF00B4F428 /* Build configuration list for PBXNativeTarget "YXMusic音乐播放器Tests" */;
			buildPhases = (
				E7AF18031C5FBAFF00B4F428 /* Sources */,
				E7AF18041C5FBAFF00B4F428 /* Frameworks */,
				E7AF18051C5FBAFF00B4F428 /* Resources */,
			);
			buildRules = (
			);
			dependencies = (
				E7AF18091C5FBAFF00B4F428 /* PBXTargetDependency */,
			);
			name = "YXMusic音乐播放器Tests";
			productName = "YXMusic音乐播放器Tests";
			productReference = E7AF18071C5FBAFF00B4F428 /* YXMusic音乐播放器Tests.xctest */;
			productType = "com.apple.product-type.bundle.unit-test";
		};
		E7AF18111C5FBAFF00B4F428 /* YXMusic音乐播放器UITests */ = {
			isa = PBXNativeTarget;
			buildConfigurationList = E7AF18211C5FBAFF00B4F428 /* Build configuration list for PBXNativeTarget "YXMusic音乐播放器UITests" */;
			buildPhases = (
				E7AF180E1C5FBAFF00B4F428 /* Sources */,
				E7AF180F1C5FBAFF00B4F428 /* Frameworks */,
				E7AF18101C5FBAFF00B4F428 /* Resources */,
			);
			buildRules = (
			);
			dependencies = (
				E7AF18141C5FBAFF00B4F428 /* PBXTargetDependency */,
			);
			name = "YXMusic音乐播放器UITests";
			productName = "YXMusic音乐播放器UITests";
			productReference = E7AF18121C5FBAFF00B4F428 /* YXMusic音乐播放器UITests.xctest */;
			productType = "com.apple.product-type.bundle.ui-testing";
		};
/* End PBXNativeTarget section */

/* Begin PBXProject section */
		E7AF17EB1C5FBAFE00B4F428 /* Project object */ = {
			isa = PBXProject;
			attributes = {
				LastSwiftUpdateCheck = 0720;
				LastUpgradeCheck = 0720;
				ORGANIZATIONNAME = YinQiXing;
				TargetAttributes = {
					E7AF17F21C5FBAFE00B4F428 = {
						CreatedOnToolsVersion = 7.2;
						DevelopmentTeam = EHXNQ9DX5M;
					};
					E7AF18061C5FBAFF00B4F428 = {
						CreatedOnToolsVersion = 7.2;
						DevelopmentTeam = EHXNQ9DX5M;
						TestTargetID = E7AF17F21C5FBAFE00B4F428;
					};
					E7AF18111C5FBAFF00B4F428 = {
						CreatedOnToolsVersion = 7.2;
						DevelopmentTeam = EHXNQ9DX5M;
						TestTargetID = E7AF17F21C5FBAFE00B4F428;
					};
				};
			};
			buildConfigurationList = E7AF17EE1C5FBAFE00B4F428 /* Build configuration list for PBXProject "YXMusic音乐播放器" */;
			compatibilityVersion = "Xcode 3.2";
			developmentRegion = English;
			hasScannedForEncodings = 0;
			knownRegions = (
				en,
				Base,
			);
			mainGroup = E7AF17EA1C5FBAFE00B4F428;
			productRefGroup = E7AF17F41C5FBAFE00B4F428 /* Products */;
			projectDirPath = "";
			projectRoot = "";
			targets = (
				E7AF17F21C5FBAFE00B4F428 /* YXMusic音乐播放器 */,
				E7AF18061C5FBAFF00B4F428 /* YXMusic音乐播放器Tests */,
				E7AF18111C5FBAFF00B4F428 /* YXMusic音乐播放器UITests */,
			);
		};
/* End PBXProject section */

/* Begin PBXResourcesBuildPhase section */
		E7AF17F11C5FBAFE00B4F428 /* Resources */ = {
			isa = PBXResourcesBuildPhase;
			buildActionMask = 2147483647;
			files = (
				E7AF18011C5FBAFE00B4F428 /* LaunchScreen.storyboard in Resources */,
				E7AF17FE1C5FBAFE00B4F428 /* Assets.xcassets in Resources */,
				E7AF17FC1C5FBAFE00B4F428 /* Main.storyboard in Resources */,
			);
			runOnlyForDeploymentPostprocessing = 0;
		};
		E7AF18051C5FBAFF00B4F428 /* Resources */ = {
			isa = PBXResourcesBuildPhase;
			buildActionMask = 2147483647;
			files = (
			);
			runOnlyForDeploymentPostprocessing = 0;
		};
		E7AF18101C5FBAFF00B4F428 /* Resources */ = {
			isa = PBXResourcesBuildPhase;
			buildActionMask = 2147483647;
			files = (
			);
			runOnlyForDeploymentPostprocessing = 0;
		};
/* End PBXResourcesBuildPhase section */

/* Begin PBXSourcesBuildPhase section */
		E7AF17EF1C5FBAFE00B4F428 /* Sources */ = {
			isa = PBXSourcesBuildPhase;
			buildActionMask = 2147483647;
			files = (
				E7AF17F91C5FBAFE00B4F428 /* ViewController.swift in Sources */,
				E7AF17F71C5FBAFE00B4F428 /* AppDelegate.swift in Sources */,
			);
			runOnlyForDeploymentPostprocessing = 0;
		};
		E7AF18031C5FBAFF00B4F428 /* Sources */ = {
			isa = PBXSourcesBuildPhase;
			buildActionMask = 2147483647;
			files = (
				E7AF180C1C5FBAFF00B4F428 /* YXMusic_____Tests.swift in Sources */,
			);
			runOnlyForDeploymentPostprocessing = 0;
		};
		E7AF180E1C5FBAFF00B4F428 /* Sources */ = {
			isa = PBXSourcesBuildPhase;
			buildActionMask = 2147483647;
			files = (
				E7AF18171C5FBAFF00B4F428 /* YXMusic_____UITests.swift in Sources */,
			);
			runOnlyForDeploymentPostprocessing = 0;
		};
/* End PBXSourcesBuildPhase section */

/* Begin PBXTargetDependency section */
		E7AF18091C5FBAFF00B4F428 /* PBXTargetDependency */ = {
			isa = PBXTargetDependency;
			target = E7AF17F21C5FBAFE00B4F428 /* YXMusic音乐播放器 */;
			targetProxy = E7AF18081C5FBAFF00B4F428 /* PBXContainerItemProxy */;
		};
		E7AF18141C5FBAFF00B4F428 /* PBXTargetDependency */ = {
			isa = PBXTargetDependency;
			target = E7AF17F21C5FBAFE00B4F428 /* YXMusic音乐播放器 */;
			targetProxy = E7AF18131C5FBAFF00B4F428 /* PBXContainerItemProxy */;
		};
/* End PBXTargetDependency section */

/* Begin PBXVariantGroup section */
		E7AF17FA1C5FBAFE00B4F428 /* Main.storyboard */ = {
			isa = PBXVariantGroup;
			children = (
				E7AF17FB1C5FBAFE00B4F428 /* Base */,
			);
			name = Main.storyboard;
			sourceTree = "<group>";
		};
		E7AF17FF1C5FBAFE00B4F428 /* LaunchScreen.storyboard */ = {
			isa = PBXVariantGroup;
			children = (
				E7AF18001C5FBAFE00B4F428 /* Base */,
			);
			name = LaunchScreen.storyboard;
			sourceTree = "<group>";
		};
/* End PBXVariantGroup section */

/* Begin XCBuildConfiguration section */
		E7AF18191C5FBAFF00B4F428 /* Debug */ = {
			isa = XCBuildConfiguration;
			buildSettings = {
				ALWAYS_SEARCH_USER_PATHS = NO;
				CLANG_CXX_LANGUAGE_STANDARD = "gnu++0x";
				CLANG_CXX_LIBRARY = "libc++";
				CLANG_ENABLE_MODULES = YES;
				CLANG_ENABLE_OBJC_ARC = YES;
				CLANG_WARN_BOOL_CONVERSION = YES;
				CLANG_WARN_CONSTANT_CONVERSION = YES;
				CLANG_WARN_DIRECT_OBJC_ISA_USAGE = YES_ERROR;
				CLANG_WARN_EMPTY_BODY = YES;
				CLANG_WARN_ENUM_CONVERSION = YES;
				CLANG_WARN_INT_CONVERSION = YES;
				CLANG_WARN_OBJC_ROOT_CLASS = YES_ERROR;
				CLANG_WARN_UNREACHABLE_CODE = YES;
				CLANG_WARN__DUPLICATE_METHOD_MATCH = YES;
				"CODE_SIGN_IDENTITY[sdk=iphoneos*]" = "iPhone Developer";
				COPY_PHASE_STRIP = NO;
				DEBUG_INFORMATION_FORMAT = dwarf;
				ENABLE_STRICT_OBJC_MSGSEND = YES;
				ENABLE_TESTABILITY = YES;
				GCC_C_LANGUAGE_STANDARD = gnu99;
				GCC_DYNAMIC_NO_PIC = NO;
				GCC_NO_COMMON_BLOCKS = YES;
				GCC_OPTIMIZATION_LEVEL = 0;
				GCC_PREPROCESSOR_DEFINITIONS = (
					"DEBUG=1",
					"$(inherited)",
				);
				GCC_WARN_64_TO_32_BIT_CONVERSION = YES;
				GCC_WARN_ABOUT_RETURN_TYPE = YES_ERROR;
				GCC_WARN_UNDECLARED_SELECTOR = YES;
				GCC_WARN_UNINITIALIZED_AUTOS = YES_AGGRESSIVE;
				GCC_WARN_UNUSED_FUNCTION = YES;
				GCC_WARN_UNUSED_VARIABLE = YES;
				IPHONEOS_DEPLOYMENT_TARGET = 9.2;
				MTL_ENABLE_DEBUG_INFO = YES;
				ONLY_ACTIVE_ARCH = YES;
				SDKROOT = iphoneos;
				SWIFT_OPTIMIZATION_LEVEL = "-Onone";
			};
			name = Debug;
		};
		E7AF181A1C5FBAFF00B4F428 /* Release */ = {
			isa = XCBuildConfiguration;
			buildSettings = {
				ALWAYS_SEARCH_USER_PATHS = NO;
				CLANG_CXX_LANGUAGE_STANDARD = "gnu++0x";
				CLANG_CXX_LIBRARY = "libc++";
				CLANG_ENABLE_MODULES = YES;
				CLANG_ENABLE_OBJC_ARC = YES;
				CLANG_WARN_BOOL_CONVERSION = YES;
				CLANG_WARN_CONSTANT_CONVERSION = YES;
				CLANG_WARN_DIRECT_OBJC_ISA_USAGE = YES_ERROR;
				CLANG_WARN_EMPTY_BODY = YES;
				CLANG_WARN_ENUM_CONVERSION = YES;
				CLANG_WARN_INT_CONVERSION = YES;
				CLANG_WARN_OBJC_ROOT_CLASS = YES_ERROR;
				CLANG_WARN_UNREACHABLE_CODE = YES;
				CLANG_WARN__DUPLICATE_METHOD_MATCH = YES;
				"CODE_SIGN_IDENTITY[sdk=iphoneos*]" = "iPhone Developer";
				COPY_PHASE_STRIP = NO;
				DEBUG_INFORMATION_FORMAT = "dwarf-with-dsym";
				ENABLE_NS_ASSERTIONS = NO;
				ENABLE_STRICT_OBJC_MSGSEND = YES;
				GCC_C_LANGUAGE_STANDARD = gnu99;
				GCC_NO_COMMON_BLOCKS = YES;
				GCC_WARN_64_TO_32_BIT_CONVERSION = YES;
				GCC_WARN_ABOUT_RETURN_TYPE = YES_ERROR;
				GCC_WARN_UNDECLARED_SELECTOR = YES;
				GCC_WARN_UNINITIALIZED_AUTOS = YES_AGGRESSIVE;
				GCC_WARN_UNUSED_FUNCTION = YES;
				GCC_WARN_UNUSED_VARIABLE = YES;
				IPHONEOS_DEPLOYMENT_TARGET = 9.2;
				MTL_ENABLE_DEBUG_INFO = NO;
				SDKROOT = iphoneos;
				VALIDATE_PRODUCT = YES;
			};
			name = Release;
		};
		E7AF181C1C5FBAFF00B4F428 /* Debug */ = {
			isa = XCBuildConfiguration;
			buildSettings = {
				ASSETCATALOG_COMPILER_APPICON_NAME = AppIcon;
				INFOPLIST_FILE = "YXMusic音乐播放器/Info.plist";
				LD_RUNPATH_SEARCH_PATHS = "$(inherited) @executable_path/Frameworks";
				PRODUCT_BUNDLE_IDENTIFIER = "PaulY.YXMusic-----";
				PRODUCT_NAME = "$(TARGET_NAME)";
			};
			name = Debug;
		};
		E7AF181D1C5FBAFF00B4F428 /* Release */ = {
			isa = XCBuildConfiguration;
			buildSettings = {
				ASSETCATALOG_COMPILER_APPICON_NAME = AppIcon;
				INFOPLIST_FILE = "YXMusic音乐播放器/Info.plist";
				LD_RUNPATH_SEARCH_PATHS = "$(inherited) @executable_path/Frameworks";
				PRODUCT_BUNDLE_IDENTIFIER = "PaulY.YXMusic-----";
				PRODUCT_NAME = "$(TARGET_NAME)";
			};
			name = Release;
		};
		E7AF181F1C5FBAFF00B4F428 /* Debug */ = {
			isa = XCBuildConfiguration;
			buildSettings = {
				BUNDLE_LOADER = "$(TEST_HOST)";
				INFOPLIST_FILE = "YXMusic音乐播放器Tests/Info.plist";
				LD_RUNPATH_SEARCH_PATHS = "$(inherited) @executable_path/Frameworks @loader_path/Frameworks";
				PRODUCT_BUNDLE_IDENTIFIER = "PaulY.YXMusic-----Tests";
				PRODUCT_NAME = "$(TARGET_NAME)";
				TEST_HOST = "$(BUILT_PRODUCTS_DIR)/YXMusic音乐播放器.app/YXMusic音乐播放器";
			};
			name = Debug;
		};
		E7AF18201C5FBAFF00B4F428 /* Release */ = {
			isa = XCBuildConfiguration;
			buildSettings = {
				BUNDLE_LOADER = "$(TEST_HOST)";
				INFOPLIST_FILE = "YXMusic音乐播放器Tests/Info.plist";
				LD_RUNPATH_SEARCH_PATHS = "$(inherited) @executable_path/Frameworks @loader_path/Frameworks";
				PRODUCT_BUNDLE_IDENTIFIER = "PaulY.YXMusic-----Tests";
				PRODUCT_NAME = "$(TARGET_NAME)";
				TEST_HOST = "$(BUILT_PRODUCTS_DIR)/YXMusic音乐播放器.app/YXMusic音乐播放器";
			};
			name = Release;
		};
		E7AF18221C5FBAFF00B4F428 /* Debug */ = {
			isa = XCBuildConfiguration;
			buildSettings = {
				INFOPLIST_FILE = "YXMusic音乐播放器UITests/Info.plist";
				LD_RUNPATH_SEARCH_PATHS = "$(inherited) @executable_path/Frameworks @loader_path/Frameworks";
				PRODUCT_BUNDLE_IDENTIFIER = "PaulY.YXMusic-----UITests";
				PRODUCT_NAME = "$(TARGET_NAME)";
				TEST_TARGET_NAME = "YXMusic音乐播放器";
				USES_XCTRUNNER = YES;
			};
			name = Debug;
		};
		E7AF18231C5FBAFF00B4F428 /* Release */ = {
			isa = XCBuildConfiguration;
			buildSettings = {
				INFOPLIST_FILE = "YXMusic音乐播放器UITests/Info.plist";
				LD_RUNPATH_SEARCH_PATHS = "$(inherited) @executable_path/Frameworks @loader_path/Frameworks";
				PRODUCT_BUNDLE_IDENTIFIER = "PaulY.YXMusic-----UITests";
				PRODUCT_NAME = "$(TARGET_NAME)";
				TEST_TARGET_NAME = "YXMusic音乐播放器";
				USES_XCTRUNNER = YES;
			};
			name = Release;
		};
/* End XCBuildConfiguration section */

/* Begin XCConfigurationList section */
		E7AF17EE1C5FBAFE00B4F428 /* Build configuration list for PBXProject "YXMusic音乐播放器" */ = {
			isa = XCConfigurationList;
			buildConfigurations = (
				E7AF18191C5FBAFF00B4F428 /* Debug */,
				E7AF181A1C5FBAFF00B4F428 /* Release */,
			);
			defaultConfigurationIsVisible = 0;
			defaultConfigurationName = Release;
		};
		E7AF181B1C5FBAFF00B4F428 /* Build configuration list for PBXNativeTarget "YXMusic音乐播放器" */ = {
			isa = XCConfigurationList;
			buildConfigurations = (
				E7AF181C1C5FBAFF00B4F428 /* Debug */,
				E7AF181D1C5FBAFF00B4F428 /* Release */,
			);
			defaultConfigurationIsVisible = 0;
		};
		E7AF181E1C5FBAFF00B4F428 /* Build configuration list for PBXNativeTarget "YXMusic音乐播放器Tests" */ = {
			isa = XCConfigurationList;
			buildConfigurations = (
				E7AF181F1C5FBAFF00B4F428 /* Debug */,
				E7AF18201C5FBAFF00B4F428 /* Release */,
			);
			defaultConfigurationIsVisible = 0;
		};
		E7AF18211C5FBAFF00B4F428 /* Build configuration list for PBXNativeTarget "YXMusic音乐播放器UITests" */ = {
			isa = XCConfigurationList;
			buildConfigurations = (
				E7AF18221C5FBAFF00B4F428 /* Debug */,
				E7AF18231C5FBAFF00B4F428 /* Release */,
			);
			defaultConfigurationIsVisible = 0;
		};
/* End XCConfigurationList section */
	};
	rootObject = E7AF17EB1C5FBAFE00B4F428 /* Project object */;
}
