// !$*UTF8*$!
{
	archiveVersion = 1;
	classes = {
	};
	objectVersion = 46;
	objects = {

/* Begin PBXBuildFile section */
		713339DF00B94A8AE0DE349F /* Pods_YXMusic_____.framework in Frameworks */ = {isa = PBXBuildFile; fileRef = B2F42E81EFF3689B8437C64C /* Pods_YXMusic_____.framework */; };
		E74C60CB1C606B6C00A03DF8 /* bb@2x.jpg in Resources */ = {isa = PBXBuildFile; fileRef = E74C60A41C606B6C00A03DF8 /* bb@2x.jpg */; };
		E74C60CC1C606B6C00A03DF8 /* bb_icon@2x.jpg in Resources */ = {isa = PBXBuildFile; fileRef = E74C60A51C606B6C00A03DF8 /* bb_icon@2x.jpg */; };
		E74C60CD1C606B6C00A03DF8 /* dzq@2x.jpg in Resources */ = {isa = PBXBuildFile; fileRef = E74C60A61C606B6C00A03DF8 /* dzq@2x.jpg */; };
		E74C60CE1C606B6C00A03DF8 /* dzq_icon@2x.jpg in Resources */ = {isa = PBXBuildFile; fileRef = E74C60A71C606B6C00A03DF8 /* dzq_icon@2x.jpg */; };
		E74C60CF1C606B6C00A03DF8 /* eason@2x.jpg in Resources */ = {isa = PBXBuildFile; fileRef = E74C60A81C606B6C00A03DF8 /* eason@2x.jpg */; };
		E74C60D01C606B6C00A03DF8 /* eason_icon@2x.jpg in Resources */ = {isa = PBXBuildFile; fileRef = E74C60A91C606B6C00A03DF8 /* eason_icon@2x.jpg */; };
		E74C60D11C606B6C00A03DF8 /* jay@2x.jpg in Resources */ = {isa = PBXBuildFile; fileRef = E74C60AA1C606B6C00A03DF8 /* jay@2x.jpg */; };
		E74C60D21C606B6C00A03DF8 /* jay_icon@2x.png in Resources */ = {isa = PBXBuildFile; fileRef = E74C60AB1C606B6C00A03DF8 /* jay_icon@2x.png */; };
		E74C60D31C606B6C00A03DF8 /* jj@2x.jpg in Resources */ = {isa = PBXBuildFile; fileRef = E74C60AC1C606B6C00A03DF8 /* jj@2x.jpg */; };
		E74C60D41C606B6C00A03DF8 /* jj_icon@2x.png in Resources */ = {isa = PBXBuildFile; fileRef = E74C60AD1C606B6C00A03DF8 /* jj_icon@2x.png */; };
		E74C60D51C606B6C00A03DF8 /* kzxd@2x.jpg in Resources */ = {isa = PBXBuildFile; fileRef = E74C60AE1C606B6C00A03DF8 /* kzxd@2x.jpg */; };
		E74C60D61C606B6C00A03DF8 /* kzxd_icon@2x.jpg in Resources */ = {isa = PBXBuildFile; fileRef = E74C60AF1C606B6C00A03DF8 /* kzxd_icon@2x.jpg */; };
		E74C60D71C606B6C00A03DF8 /* nanquan@2x.jpg in Resources */ = {isa = PBXBuildFile; fileRef = E74C60B01C606B6C00A03DF8 /* nanquan@2x.jpg */; };
		E74C60D81C606B6C00A03DF8 /* nanquan_icon@2x.jpg in Resources */ = {isa = PBXBuildFile; fileRef = E74C60B11C606B6C00A03DF8 /* nanquan_icon@2x.jpg */; };
		E74C60D91C606B6C00A03DF8 /* wf@2x.jpg in Resources */ = {isa = PBXBuildFile; fileRef = E74C60B21C606B6C00A03DF8 /* wf@2x.jpg */; };
		E74C60DA1C606B6C00A03DF8 /* wf_icon@2x.jpg in Resources */ = {isa = PBXBuildFile; fileRef = E74C60B31C606B6C00A03DF8 /* wf_icon@2x.jpg */; };
		E74C60DB1C606B6C00A03DF8 /* zxy@2x.jpg in Resources */ = {isa = PBXBuildFile; fileRef = E74C60B41C606B6C00A03DF8 /* zxy@2x.jpg */; };
		E74C60DC1C606B6C00A03DF8 /* zxy_icon@2x.jpg in Resources */ = {isa = PBXBuildFile; fileRef = E74C60B51C606B6C00A03DF8 /* zxy_icon@2x.jpg */; };
		E74C60DD1C606B6C00A03DF8 /* 10405520.lrc in Resources */ = {isa = PBXBuildFile; fileRef = E74C60B71C606B6C00A03DF8 /* 10405520.lrc */; };
		E74C60DE1C606B6C00A03DF8 /* 10736444.lrc in Resources */ = {isa = PBXBuildFile; fileRef = E74C60B81C606B6C00A03DF8 /* 10736444.lrc */; };
		E74C60DF1C606B6C00A03DF8 /* 120125029.lrc in Resources */ = {isa = PBXBuildFile; fileRef = E74C60B91C606B6C00A03DF8 /* 120125029.lrc */; };
		E74C60E01C606B6C00A03DF8 /* 12309111.lrc in Resources */ = {isa = PBXBuildFile; fileRef = E74C60BA1C606B6C00A03DF8 /* 12309111.lrc */; };
		E74C60E11C606B6C00A03DF8 /* 14945107.lrc in Resources */ = {isa = PBXBuildFile; fileRef = E74C60BB1C606B6C00A03DF8 /* 14945107.lrc */; };
		E74C60E21C606B6C00A03DF8 /* 235319.lrc in Resources */ = {isa = PBXBuildFile; fileRef = E74C60BC1C606B6C00A03DF8 /* 235319.lrc */; };
		E74C60E31C606B6C00A03DF8 /* 255319.lrc in Resources */ = {isa = PBXBuildFile; fileRef = E74C60BD1C606B6C00A03DF8 /* 255319.lrc */; };
		E74C60E41C606B6C00A03DF8 /* 309769.lrc in Resources */ = {isa = PBXBuildFile; fileRef = E74C60BE1C606B6C00A03DF8 /* 309769.lrc */; };
		E74C60E51C606B6C00A03DF8 /* 339744.lrc in Resources */ = {isa = PBXBuildFile; fileRef = E74C60BF1C606B6C00A03DF8 /* 339744.lrc */; };
		E74C60E61C606B6C00A03DF8 /* 10405520.mp3 in Resources */ = {isa = PBXBuildFile; fileRef = E74C60C11C606B6C00A03DF8 /* 10405520.mp3 */; };
		E74C60E71C606B6C00A03DF8 /* 10736444.mp3 in Resources */ = {isa = PBXBuildFile; fileRef = E74C60C21C606B6C00A03DF8 /* 10736444.mp3 */; };
		E74C60E81C606B6C00A03DF8 /* 120125029.mp3 in Resources */ = {isa = PBXBuildFile; fileRef = E74C60C31C606B6C00A03DF8 /* 120125029.mp3 */; };
		E74C60E91C606B6C00A03DF8 /* 12309111.mp3 in Resources */ = {isa = PBXBuildFile; fileRef = E74C60C41C606B6C00A03DF8 /* 12309111.mp3 */; };
		E74C60EA1C606B6C00A03DF8 /* 14945107.mp3 in Resources */ = {isa = PBXBuildFile; fileRef = E74C60C51C606B6C00A03DF8 /* 14945107.mp3 */; };
		E74C60EB1C606B6C00A03DF8 /* 235319.mp3 in Resources */ = {isa = PBXBuildFile; fileRef = E74C60C61C606B6C00A03DF8 /* 235319.mp3 */; };
		E74C60EC1C606B6C00A03DF8 /* 255319.mp3 in Resources */ = {isa = PBXBuildFile; fileRef = E74C60C71C606B6C00A03DF8 /* 255319.mp3 */; };
		E74C60ED1C606B6C00A03DF8 /* 309769.mp3 in Resources */ = {isa = PBXBuildFile; fileRef = E74C60C81C606B6C00A03DF8 /* 309769.mp3 */; };
		E74C60EE1C606B6C00A03DF8 /* 339744.mp3 in Resources */ = {isa = PBXBuildFile; fileRef = E74C60C91C606B6C00A03DF8 /* 339744.mp3 */; };
		E74C60EF1C606B6C00A03DF8 /* Musics.plist in Resources */ = {isa = PBXBuildFile; fileRef = E74C60CA1C606B6C00A03DF8 /* Musics.plist */; };
		E74C60F11C606BEE00A03DF8 /* HomeTabViewController.swift in Sources */ = {isa = PBXBuildFile; fileRef = E74C60F01C606BEE00A03DF8 /* HomeTabViewController.swift */; };
		E74C60F31C606D0000A03DF8 /* MusicModal.swift in Sources */ = {isa = PBXBuildFile; fileRef = E74C60F21C606D0000A03DF8 /* MusicModal.swift */; };
		E74C60F61C60703800A03DF8 /* extension.swift in Sources */ = {isa = PBXBuildFile; fileRef = E74C60F51C60703800A03DF8 /* extension.swift */; };
		E74C60F81C60735C00A03DF8 /* AudioTool.swift in Sources */ = {isa = PBXBuildFile; fileRef = E74C60F71C60735C00A03DF8 /* AudioTool.swift */; };
		E74C60FC1C609DDE00A03DF8 /* YXMusicTool.swift in Sources */ = {isa = PBXBuildFile; fileRef = E74C60FB1C609DDE00A03DF8 /* YXMusicTool.swift */; };
		E74C60FE1C60A12400A03DF8 /* YXPlayingViewController.swift in Sources */ = {isa = PBXBuildFile; fileRef = E74C60FD1C60A12400A03DF8 /* YXPlayingViewController.swift */; };
		E74C61001C60A15400A03DF8 /* YXPlayingViewController.xib in Resources */ = {isa = PBXBuildFile; fileRef = E74C60FF1C60A15400A03DF8 /* YXPlayingViewController.xib */; };
		E7AF17F71C5FBAFE00B4F428 /* AppDelegate.swift in Sources */ = {isa = PBXBuildFile; fileRef = E7AF17F61C5FBAFE00B4F428 /* AppDelegate.swift */; };
		E7AF17FC1C5FBAFE00B4F428 /* Main.storyboard in Resources */ = {isa = PBXBuildFile; fileRef = E7AF17FA1C5FBAFE00B4F428 /* Main.storyboard */; };
		E7AF17FE1C5FBAFE00B4F428 /* Assets.xcassets in Resources */ = {isa = PBXBuildFile; fileRef = E7AF17FD1C5FBAFE00B4F428 /* Assets.xcassets */; };
		E7AF18011C5FBAFE00B4F428 /* LaunchScreen.storyboard in Resources */ = {isa = PBXBuildFile; fileRef = E7AF17FF1C5FBAFE00B4F428 /* LaunchScreen.storyboard */; };
		E7AF180C1C5FBAFF00B4F428 /* YXMusic_____Tests.swift in Sources */ = {isa = PBXBuildFile; fileRef = E7AF180B1C5FBAFF00B4F428 /* YXMusic_____Tests.swift */; };
		E7AF18171C5FBAFF00B4F428 /* YXMusic_____UITests.swift in Sources */ = {isa = PBXBuildFile; fileRef = E7AF18161C5FBAFF00B4F428 /* YXMusic_____UITests.swift */; };
/* End PBXBuildFile section */

/* Begin PBXContainerItemProxy section */
		E7AF18081C5FBAFF00B4F428 /* PBXContainerItemProxy */ = {
			isa = PBXContainerItemProxy;
			containerPortal = E7AF17EB1C5FBAFE00B4F428 /* Project object */;
			proxyType = 1;
			remoteGlobalIDString = E7AF17F21C5FBAFE00B4F428;
			remoteInfo = "YXMusic音乐播放器";
		};
		E7AF18131C5FBAFF00B4F428 /* PBXContainerItemProxy */ = {
			isa = PBXContainerItemProxy;
			containerPortal = E7AF17EB1C5FBAFE00B4F428 /* Project object */;
			proxyType = 1;
			remoteGlobalIDString = E7AF17F21C5FBAFE00B4F428;
			remoteInfo = "YXMusic音乐播放器";
		};
/* End PBXContainerItemProxy section */

/* Begin PBXFileReference section */
		A88D72BBAA16F2496E29C997 /* Pods-YXMusic音乐播放器.release.xcconfig */ = {isa = PBXFileReference; includeInIndex = 1; lastKnownFileType = text.xcconfig; name = "Pods-YXMusic音乐播放器.release.xcconfig"; path = "Pods/Target Support Files/Pods-YXMusic音乐播放器/Pods-YXMusic音乐播放器.release.xcconfig"; sourceTree = "<group>"; };
		B2F42E81EFF3689B8437C64C /* Pods_YXMusic_____.framework */ = {isa = PBXFileReference; explicitFileType = wrapper.framework; includeInIndex = 0; path = "Pods_YXMusic_____.framework"; sourceTree = BUILT_PRODUCTS_DIR; };
		CCC5D95155A1BDC1ED16EDF7 /* Pods-YXMusic音乐播放器.debug.xcconfig */ = {isa = PBXFileReference; includeInIndex = 1; lastKnownFileType = text.xcconfig; name = "Pods-YXMusic音乐播放器.debug.xcconfig"; path = "Pods/Target Support Files/Pods-YXMusic音乐播放器/Pods-YXMusic音乐播放器.debug.xcconfig"; sourceTree = "<group>"; };
		E74C60A41C606B6C00A03DF8 /* bb@2x.jpg */ = {isa = PBXFileReference; lastKnownFileType = image.jpeg; path = "bb@2x.jpg"; sourceTree = "<group>"; };
		E74C60A51C606B6C00A03DF8 /* bb_icon@2x.jpg */ = {isa = PBXFileReference; lastKnownFileType = image.jpeg; path = "bb_icon@2x.jpg"; sourceTree = "<group>"; };
		E74C60A61C606B6C00A03DF8 /* dzq@2x.jpg */ = {isa = PBXFileReference; lastKnownFileType = image.jpeg; path = "dzq@2x.jpg"; sourceTree = "<group>"; };
		E74C60A71C606B6C00A03DF8 /* dzq_icon@2x.jpg */ = {isa = PBXFileReference; lastKnownFileType = image.jpeg; path = "dzq_icon@2x.jpg"; sourceTree = "<group>"; };
		E74C60A81C606B6C00A03DF8 /* eason@2x.jpg */ = {isa = PBXFileReference; lastKnownFileType = image.jpeg; path = "eason@2x.jpg"; sourceTree = "<group>"; };
		E74C60A91C606B6C00A03DF8 /* eason_icon@2x.jpg */ = {isa = PBXFileReference; lastKnownFileType = image.jpeg; path = "eason_icon@2x.jpg"; sourceTree = "<group>"; };
		E74C60AA1C606B6C00A03DF8 /* jay@2x.jpg */ = {isa = PBXFileReference; lastKnownFileType = image.jpeg; path = "jay@2x.jpg"; sourceTree = "<group>"; };
		E74C60AB1C606B6C00A03DF8 /* jay_icon@2x.png */ = {isa = PBXFileReference; lastKnownFileType = image.png; path = "jay_icon@2x.png"; sourceTree = "<group>"; };
		E74C60AC1C606B6C00A03DF8 /* jj@2x.jpg */ = {isa = PBXFileReference; lastKnownFileType = image.jpeg; path = "jj@2x.jpg"; sourceTree = "<group>"; };
		E74C60AD1C606B6C00A03DF8 /* jj_icon@2x.png */ = {isa = PBXFileReference; lastKnownFileType = image.png; path = "jj_icon@2x.png"; sourceTree = "<group>"; };
		E74C60AE1C606B6C00A03DF8 /* kzxd@2x.jpg */ = {isa = PBXFileReference; lastKnownFileType = image.jpeg; path = "kzxd@2x.jpg"; sourceTree = "<group>"; };
		E74C60AF1C606B6C00A03DF8 /* kzxd_icon@2x.jpg */ = {isa = PBXFileReference; lastKnownFileType = image.jpeg; path = "kzxd_icon@2x.jpg"; sourceTree = "<group>"; };
		E74C60B01C606B6C00A03DF8 /* nanquan@2x.jpg */ = {isa = PBXFileReference; lastKnownFileType = image.jpeg; path = "nanquan@2x.jpg"; sourceTree = "<group>"; };
		E74C60B11C606B6C00A03DF8 /* nanquan_icon@2x.jpg */ = {isa = PBXFileReference; lastKnownFileType = image.jpeg; path = "nanquan_icon@2x.jpg"; sourceTree = "<group>"; };
		E74C60B21C606B6C00A03DF8 /* wf@2x.jpg */ = {isa = PBXFileReference; lastKnownFileType = image.jpeg; path = "wf@2x.jpg"; sourceTree = "<group>"; };
		E74C60B31C606B6C00A03DF8 /* wf_icon@2x.jpg */ = {isa = PBXFileReference; lastKnownFileType = image.jpeg; path = "wf_icon@2x.jpg"; sourceTree = "<group>"; };
		E74C60B41C606B6C00A03DF8 /* zxy@2x.jpg */ = {isa = PBXFileReference; lastKnownFileType = image.jpeg; path = "zxy@2x.jpg"; sourceTree = "<group>"; };
		E74C60B51C606B6C00A03DF8 /* zxy_icon@2x.jpg */ = {isa = PBXFileReference; lastKnownFileType = image.jpeg; path = "zxy_icon@2x.jpg"; sourceTree = "<group>"; };
		E74C60B71C606B6C00A03DF8 /* 10405520.lrc */ = {isa = PBXFileReference; fileEncoding = 4; lastKnownFileType = text; path = 10405520.lrc; sourceTree = "<group>"; };
		E74C60B81C606B6C00A03DF8 /* 10736444.lrc */ = {isa = PBXFileReference; fileEncoding = 4; lastKnownFileType = text; path = 10736444.lrc; sourceTree = "<group>"; };
		E74C60B91C606B6C00A03DF8 /* 120125029.lrc */ = {isa = PBXFileReference; fileEncoding = 4; lastKnownFileType = text; path = 120125029.lrc; sourceTree = "<group>"; };
		E74C60BA1C606B6C00A03DF8 /* 12309111.lrc */ = {isa = PBXFileReference; fileEncoding = 4; lastKnownFileType = text; path = 12309111.lrc; sourceTree = "<group>"; };
		E74C60BB1C606B6C00A03DF8 /* 14945107.lrc */ = {isa = PBXFileReference; fileEncoding = 4; lastKnownFileType = text; path = 14945107.lrc; sourceTree = "<group>"; };
		E74C60BC1C606B6C00A03DF8 /* 235319.lrc */ = {isa = PBXFileReference; fileEncoding = 4; lastKnownFileType = text; path = 235319.lrc; sourceTree = "<group>"; };
		E74C60BD1C606B6C00A03DF8 /* 255319.lrc */ = {isa = PBXFileReference; fileEncoding = 4; lastKnownFileType = text; path = 255319.lrc; sourceTree = "<group>"; };
		E74C60BE1C606B6C00A03DF8 /* 309769.lrc */ = {isa = PBXFileReference; fileEncoding = 4; lastKnownFileType = text; path = 309769.lrc; sourceTree = "<group>"; };
		E74C60BF1C606B6C00A03DF8 /* 339744.lrc */ = {isa = PBXFileReference; fileEncoding = 4; lastKnownFileType = text; path = 339744.lrc; sourceTree = "<group>"; };
		E74C60C11C606B6C00A03DF8 /* 10405520.mp3 */ = {isa = PBXFileReference; lastKnownFileType = audio.mp3; path = 10405520.mp3; sourceTree = "<group>"; };
		E74C60C21C606B6C00A03DF8 /* 10736444.mp3 */ = {isa = PBXFileReference; lastKnownFileType = audio.mp3; path = 10736444.mp3; sourceTree = "<group>"; };
		E74C60C31C606B6C00A03DF8 /* 120125029.mp3 */ = {isa = PBXFileReference; lastKnownFileType = audio.mp3; path = 120125029.mp3; sourceTree = "<group>"; };
		E74C60C41C606B6C00A03DF8 /* 12309111.mp3 */ = {isa = PBXFileReference; lastKnownFileType = audio.mp3; path = 12309111.mp3; sourceTree = "<group>"; };
		E74C60C51C606B6C00A03DF8 /* 14945107.mp3 */ = {isa = PBXFileReference; lastKnownFileType = audio.mp3; path = 14945107.mp3; sourceTree = "<group>"; };
		E74C60C61C606B6C00A03DF8 /* 235319.mp3 */ = {isa = PBXFileReference; lastKnownFileType = audio.mp3; path = 235319.mp3; sourceTree = "<group>"; };
		E74C60C71C606B6C00A03DF8 /* 255319.mp3 */ = {isa = PBXFileReference; lastKnownFileType = audio.mp3; path = 255319.mp3; sourceTree = "<group>"; };
		E74C60C81C606B6C00A03DF8 /* 309769.mp3 */ = {isa = PBXFileReference; lastKnownFileType = audio.mp3; path = 309769.mp3; sourceTree = "<group>"; };
		E74C60C91C606B6C00A03DF8 /* 339744.mp3 */ = {isa = PBXFileReference; lastKnownFileType = audio.mp3; path = 339744.mp3; sourceTree = "<group>"; };
		E74C60CA1C606B6C00A03DF8 /* Musics.plist */ = {isa = PBXFileReference; fileEncoding = 4; lastKnownFileType = text.plist.xml; name = Musics.plist; path = Resources/Musics.plist; sourceTree = "<group>"; };
		E74C60F01C606BEE00A03DF8 /* HomeTabViewController.swift */ = {isa = PBXFileReference; fileEncoding = 4; lastKnownFileType = sourcecode.swift; path = HomeTabViewController.swift; sourceTree = "<group>"; };
		E74C60F21C606D0000A03DF8 /* MusicModal.swift */ = {isa = PBXFileReference; fileEncoding = 4; lastKnownFileType = sourcecode.swift; path = MusicModal.swift; sourceTree = "<group>"; };
		E74C60F51C60703800A03DF8 /* extension.swift */ = {isa = PBXFileReference; fileEncoding = 4; lastKnownFileType = sourcecode.swift; path = extension.swift; sourceTree = "<group>"; };
		E74C60F71C60735C00A03DF8 /* AudioTool.swift */ = {isa = PBXFileReference; fileEncoding = 4; lastKnownFileType = sourcecode.swift; path = AudioTool.swift; sourceTree = "<group>"; };
		E74C60FB1C609DDE00A03DF8 /* YXMusicTool.swift */ = {isa = PBXFileReference; fileEncoding = 4; lastKnownFileType = sourcecode.swift; path = YXMusicTool.swift; sourceTree = "<group>"; };
		E74C60FD1C60A12400A03DF8 /* YXPlayingViewController.swift */ = {isa = PBXFileReference; fileEncoding = 4; lastKnownFileType = sourcecode.swift; path = YXPlayingViewController.swift; sourceTree = "<group>"; };
		E74C60FF1C60A15400A03DF8 /* YXPlayingViewController.xib */ = {isa = PBXFileReference; fileEncoding = 4; lastKnownFileType = file.xib; path = YXPlayingViewController.xib; sourceTree = "<group>"; };
		E7AF17F31C5FBAFE00B4F428 /* YXMusic音乐播放器.app */ = {isa = PBXFileReference; explicitFileType = wrapper.application; includeInIndex = 0; path = "YXMusic音乐播放器.app"; sourceTree = BUILT_PRODUCTS_DIR; };
		E7AF17F61C5FBAFE00B4F428 /* AppDelegate.swift */ = {isa = PBXFileReference; lastKnownFileType = sourcecode.swift; path = AppDelegate.swift; sourceTree = "<group>"; };
		E7AF17FB1C5FBAFE00B4F428 /* Base */ = {isa = PBXFileReference; lastKnownFileType = file.storyboard; name = Base; path = Base.lproj/Main.storyboard; sourceTree = "<group>"; };
		E7AF17FD1C5FBAFE00B4F428 /* Assets.xcassets */ = {isa = PBXFileReference; lastKnownFileType = folder.assetcatalog; path = Assets.xcassets; sourceTree = "<group>"; };
		E7AF18001C5FBAFE00B4F428 /* Base */ = {isa = PBXFileReference; lastKnownFileType = file.storyboard; name = Base; path = Base.lproj/LaunchScreen.storyboard; sourceTree = "<group>"; };
		E7AF18021C5FBAFE00B4F428 /* Info.plist */ = {isa = PBXFileReference; lastKnownFileType = text.plist.xml; path = Info.plist; sourceTree = "<group>"; };
		E7AF18071C5FBAFF00B4F428 /* YXMusic音乐播放器Tests.xctest */ = {isa = PBXFileReference; explicitFileType = wrapper.cfbundle; includeInIndex = 0; path = "YXMusic音乐播放器Tests.xctest"; sourceTree = BUILT_PRODUCTS_DIR; };
		E7AF180B1C5FBAFF00B4F428 /* YXMusic_____Tests.swift */ = {isa = PBXFileReference; lastKnownFileType = sourcecode.swift; path = "YXMusic_____Tests.swift"; sourceTree = "<group>"; };
		E7AF180D1C5FBAFF00B4F428 /* Info.plist */ = {isa = PBXFileReference; lastKnownFileType = text.plist.xml; path = Info.plist; sourceTree = "<group>"; };
		E7AF18121C5FBAFF00B4F428 /* YXMusic音乐播放器UITests.xctest */ = {isa = PBXFileReference; explicitFileType = wrapper.cfbundle; includeInIndex = 0; path = "YXMusic音乐播放器UITests.xctest"; sourceTree = BUILT_PRODUCTS_DIR; };
		E7AF18161C5FBAFF00B4F428 /* YXMusic_____UITests.swift */ = {isa = PBXFileReference; lastKnownFileType = sourcecode.swift; path = "YXMusic_____UITests.swift"; sourceTree = "<group>"; };
		E7AF18181C5FBAFF00B4F428 /* Info.plist */ = {isa = PBXFileReference; lastKnownFileType = text.plist.xml; path = Info.plist; sourceTree = "<group>"; };
/* End PBXFileReference section */

/* Begin PBXFrameworksBuildPhase section */
		E7AF17F01C5FBAFE00B4F428 /* Frameworks */ = {
			isa = PBXFrameworksBuildPhase;
			buildActionMask = 2147483647;
			files = (
				713339DF00B94A8AE0DE349F /* Pods_YXMusic_____.framework in Frameworks */,
			);
			runOnlyForDeploymentPostprocessing = 0;
		};
		E7AF18041C5FBAFF00B4F428 /* Frameworks */ = {
			isa = PBXFrameworksBuildPhase;
			buildActionMask = 2147483647;
			files = (
			);
			runOnlyForDeploymentPostprocessing = 0;
		};
		E7AF180F1C5FBAFF00B4F428 /* Frameworks */ = {
			isa = PBXFrameworksBuildPhase;
			buildActionMask = 2147483647;
			files = (
			);
			runOnlyForDeploymentPostprocessing = 0;
		};
/* End PBXFrameworksBuildPhase section */

/* Begin PBXGroup section */
		53B6CE28724EE0EAB2116A45 /* Pods */ = {
			isa = PBXGroup;
			children = (
				CCC5D95155A1BDC1ED16EDF7 /* Pods-YXMusic音乐播放器.debug.xcconfig */,
				A88D72BBAA16F2496E29C997 /* Pods-YXMusic音乐播放器.release.xcconfig */,
			);
			name = Pods;
			sourceTree = "<group>";
		};
		5D55E6EE4EC258B8744358F9 /* Frameworks */ = {
			isa = PBXGroup;
			children = (
				B2F42E81EFF3689B8437C64C /* Pods_YXMusic_____.framework */,
			);
			name = Frameworks;
			sourceTree = "<group>";
		};
		E74C60A01C60680C00A03DF8 /* Modal */ = {
			isa = PBXGroup;
			children = (
				E74C60F21C606D0000A03DF8 /* MusicModal.swift */,
			);
			name = Modal;
			sourceTree = "<group>";
		};
		E74C60A11C606AFA00A03DF8 /* source */ = {
			isa = PBXGroup;
			children = (
				E74C60CA1C606B6C00A03DF8 /* Musics.plist */,
				E74C60C01C606B6C00A03DF8 /* MP3s */,
				E74C60B61C606B6C00A03DF8 /* Lrcs */,
				E74C60A31C606B6C00A03DF8 /* Images */,
				E7AF17FD1C5FBAFE00B4F428 /* Assets.xcassets */,
			);
			name = source;
			sourceTree = "<group>";
		};
		E74C60A31C606B6C00A03DF8 /* Images */ = {
			isa = PBXGroup;
			children = (
				E74C60A41C606B6C00A03DF8 /* bb@2x.jpg */,
				E74C60A51C606B6C00A03DF8 /* bb_icon@2x.jpg */,
				E74C60A61C606B6C00A03DF8 /* dzq@2x.jpg */,
				E74C60A71C606B6C00A03DF8 /* dzq_icon@2x.jpg */,
				E74C60A81C606B6C00A03DF8 /* eason@2x.jpg */,
				E74C60A91C606B6C00A03DF8 /* eason_icon@2x.jpg */,
				E74C60AA1C606B6C00A03DF8 /* jay@2x.jpg */,
				E74C60AB1C606B6C00A03DF8 /* jay_icon@2x.png */,
				E74C60AC1C606B6C00A03DF8 /* jj@2x.jpg */,
				E74C60AD1C606B6C00A03DF8 /* jj_icon@2x.png */,
				E74C60AE1C606B6C00A03DF8 /* kzxd@2x.jpg */,
				E74C60AF1C606B6C00A03DF8 /* kzxd_icon@2x.jpg */,
				E74C60B01C606B6C00A03DF8 /* nanquan@2x.jpg */,
				E74C60B11C606B6C00A03DF8 /* nanquan_icon@2x.jpg */,
				E74C60B21C606B6C00A03DF8 /* wf@2x.jpg */,
				E74C60B31C606B6C00A03DF8 /* wf_icon@2x.jpg */,
				E74C60B41C606B6C00A03DF8 /* zxy@2x.jpg */,
				E74C60B51C606B6C00A03DF8 /* zxy_icon@2x.jpg */,
			);
			name = Images;
			path = Resources/Images;
			sourceTree = "<group>";
		};
		E74C60B61C606B6C00A03DF8 /* Lrcs */ = {
			isa = PBXGroup;
			children = (
				E74C60B71C606B6C00A03DF8 /* 10405520.lrc */,
				E74C60B81C606B6C00A03DF8 /* 10736444.lrc */,
				E74C60B91C606B6C00A03DF8 /* 120125029.lrc */,
				E74C60BA1C606B6C00A03DF8 /* 12309111.lrc */,
				E74C60BB1C606B6C00A03DF8 /* 14945107.lrc */,
				E74C60BC1C606B6C00A03DF8 /* 235319.lrc */,
				E74C60BD1C606B6C00A03DF8 /* 255319.lrc */,
				E74C60BE1C606B6C00A03DF8 /* 309769.lrc */,
				E74C60BF1C606B6C00A03DF8 /* 339744.lrc */,
			);
			name = Lrcs;
			path = Resources/Lrcs;
			sourceTree = "<group>";
		};
		E74C60C01C606B6C00A03DF8 /* MP3s */ = {
			isa = PBXGroup;
			children = (
				E74C60C11C606B6C00A03DF8 /* 10405520.mp3 */,
				E74C60C21C606B6C00A03DF8 /* 10736444.mp3 */,
				E74C60C31C606B6C00A03DF8 /* 120125029.mp3 */,
				E74C60C41C606B6C00A03DF8 /* 12309111.mp3 */,
				E74C60C51C606B6C00A03DF8 /* 14945107.mp3 */,
				E74C60C61C606B6C00A03DF8 /* 235319.mp3 */,
				E74C60C71C606B6C00A03DF8 /* 255319.mp3 */,
				E74C60C81C606B6C00A03DF8 /* 309769.mp3 */,
				E74C60C91C606B6C00A03DF8 /* 339744.mp3 */,
			);
			name = MP3s;
			path = Resources/MP3s;
			sourceTree = "<group>";
		};
		E74C60F41C60701D00A03DF8 /* Tool */ = {
			isa = PBXGroup;
			children = (
				E74C60F71C60735C00A03DF8 /* AudioTool.swift */,
				E74C60F51C60703800A03DF8 /* extension.swift */,
			);
			name = Tool;
			sourceTree = "<group>";
		};
		E74C60F91C60745E00A03DF8 /* LIB */ = {
			isa = PBXGroup;
			children = (
				E74C60F41C60701D00A03DF8 /* Tool */,
			);
			name = LIB;
			sourceTree = "<group>";
		};
		E74C60FA1C60746B00A03DF8 /* Tool */ = {
			isa = PBXGroup;
			children = (
				E74C60FB1C609DDE00A03DF8 /* YXMusicTool.swift */,
			);
			name = Tool;
			sourceTree = "<group>";
		};
		E7AF17EA1C5FBAFE00B4F428 = {
			isa = PBXGroup;
			children = (
				E7AF17F51C5FBAFE00B4F428 /* YXMusic音乐播放器 */,
				E7AF180A1C5FBAFF00B4F428 /* YXMusic音乐播放器Tests */,
				E7AF18151C5FBAFF00B4F428 /* YXMusic音乐播放器UITests */,
				E7AF17F41C5FBAFE00B4F428 /* Products */,
				53B6CE28724EE0EAB2116A45 /* Pods */,
				5D55E6EE4EC258B8744358F9 /* Frameworks */,
			);
			sourceTree = "<group>";
		};
		E7AF17F41C5FBAFE00B4F428 /* Products */ = {
			isa = PBXGroup;
			children = (
				E7AF17F31C5FBAFE00B4F428 /* YXMusic音乐播放器.app */,
				E7AF18071C5FBAFF00B4F428 /* YXMusic音乐播放器Tests.xctest */,
				E7AF18121C5FBAFF00B4F428 /* YXMusic音乐播放器UITests.xctest */,
			);
			name = Products;
			sourceTree = "<group>";
		};
		E7AF17F51C5FBAFE00B4F428 /* YXMusic音乐播放器 */ = {
			isa = PBXGroup;
			children = (
				E74C60FA1C60746B00A03DF8 /* Tool */,
				E74C60F91C60745E00A03DF8 /* LIB */,
				E74C60A01C60680C00A03DF8 /* Modal */,
				E7B0C5781C60678800D7406D /* view */,
				E7B0C5771C60677200D7406D /* controllers */,
				E74C60A11C606AFA00A03DF8 /* source */,
				E7AF17F61C5FBAFE00B4F428 /* AppDelegate.swift */,
				E7AF17FA1C5FBAFE00B4F428 /* Main.storyboard */,
				E7AF17FF1C5FBAFE00B4F428 /* LaunchScreen.storyboard */,
				E7AF18021C5FBAFE00B4F428 /* Info.plist */,
			);
			path = "YXMusic音乐播放器";
			sourceTree = "<group>";
		};
		E7AF180A1C5FBAFF00B4F428 /* YXMusic音乐播放器Tests */ = {
			isa = PBXGroup;
			children = (
				E7AF180B1C5FBAFF00B4F428 /* YXMusic_____Tests.swift */,
				E7AF180D1C5FBAFF00B4F428 /* Info.plist */,
			);
			path = "YXMusic音乐播放器Tests";
			sourceTree = "<group>";
		};
		E7AF18151C5FBAFF00B4F428 /* YXMusic音乐播放器UITests */ = {
			isa = PBXGroup;
			children = (
				E7AF18161C5FBAFF00B4F428 /* YXMusic_____UITests.swift */,
				E7AF18181C5FBAFF00B4F428 /* Info.plist */,
			);
			path = "YXMusic音乐播放器UITests";
			sourceTree = "<group>";
		};
		E7B0C5771C60677200D7406D /* controllers */ = {
			isa = PBXGroup;
			children = (
				E74C60F01C606BEE00A03DF8 /* HomeTabViewController.swift */,
				E74C60FD1C60A12400A03DF8 /* YXPlayingViewController.swift */,
				E74C60FF1C60A15400A03DF8 /* YXPlayingViewController.xib */,
			);
			name = controllers;
			sourceTree = "<group>";
		};
		E7B0C5781C60678800D7406D /* view */ = {
			isa = PBXGroup;
			children = (
			);
			name = view;
			sourceTree = "<group>";
		};
/* End PBXGroup section */

/* Begin PBXNativeTarget section */
		E7AF17F21C5FBAFE00B4F428 /* YXMusic音乐播放器 */ = {
			isa = PBXNativeTarget;
			buildConfigurationList = E7AF181B1C5FBAFF00B4F428 /* Build configuration list for PBXNativeTarget "YXMusic音乐播放器" */;
			buildPhases = (
				7ABAE95BC37E7124E51CCC77 /* Check Pods Manifest.lock */,
				E7AF17EF1C5FBAFE00B4F428 /* Sources */,
				E7AF17F01C5FBAFE00B4F428 /* Frameworks */,
				E7AF17F11C5FBAFE00B4F428 /* Resources */,
				30300424FB5E545E4EF55519 /* Embed Pods Frameworks */,
				F89B4D100A1E8617FA60B287 /* Copy Pods Resources */,
			);
			buildRules = (
			);
			dependencies = (
			);
			name = "YXMusic音乐播放器";
			productName = "YXMusic音乐播放器";
			productReference = E7AF17F31C5FBAFE00B4F428 /* YXMusic音乐播放器.app */;
			productType = "com.apple.product-type.application";
		};
		E7AF18061C5FBAFF00B4F428 /* YXMusic音乐播放器Tests */ = {
			isa = PBXNativeTarget;
			buildConfigurationList = E7AF181E1C5FBAFF00B4F428 /* Build configuration list for PBXNativeTarget "YXMusic音乐播放器Tests" */;
			buildPhases = (
				E7AF18031C5FBAFF00B4F428 /* Sources */,
				E7AF18041C5FBAFF00B4F428 /* Frameworks */,
				E7AF18051C5FBAFF00B4F428 /* Resources */,
			);
			buildRules = (
			);
			dependencies = (
				E7AF18091C5FBAFF00B4F428 /* PBXTargetDependency */,
			);
			name = "YXMusic音乐播放器Tests";
			productName = "YXMusic音乐播放器Tests";
			productReference = E7AF18071C5FBAFF00B4F428 /* YXMusic音乐播放器Tests.xctest */;
			productType = "com.apple.product-type.bundle.unit-test";
		};
		E7AF18111C5FBAFF00B4F428 /* YXMusic音乐播放器UITests */ = {
			isa = PBXNativeTarget;
			buildConfigurationList = E7AF18211C5FBAFF00B4F428 /* Build configuration list for PBXNativeTarget "YXMusic音乐播放器UITests" */;
			buildPhases = (
				E7AF180E1C5FBAFF00B4F428 /* Sources */,
				E7AF180F1C5FBAFF00B4F428 /* Frameworks */,
				E7AF18101C5FBAFF00B4F428 /* Resources */,
			);
			buildRules = (
			);
			dependencies = (
				E7AF18141C5FBAFF00B4F428 /* PBXTargetDependency */,
			);
			name = "YXMusic音乐播放器UITests";
			productName = "YXMusic音乐播放器UITests";
			productReference = E7AF18121C5FBAFF00B4F428 /* YXMusic音乐播放器UITests.xctest */;
			productType = "com.apple.product-type.bundle.ui-testing";
		};
/* End PBXNativeTarget section */

/* Begin PBXProject section */
		E7AF17EB1C5FBAFE00B4F428 /* Project object */ = {
			isa = PBXProject;
			attributes = {
				LastSwiftUpdateCheck = 0720;
				LastUpgradeCheck = 0720;
				ORGANIZATIONNAME = YinQiXing;
				TargetAttributes = {
					E7AF17F21C5FBAFE00B4F428 = {
						CreatedOnToolsVersion = 7.2;
						DevelopmentTeam = EHXNQ9DX5M;
					};
					E7AF18061C5FBAFF00B4F428 = {
						CreatedOnToolsVersion = 7.2;
						DevelopmentTeam = EHXNQ9DX5M;
						TestTargetID = E7AF17F21C5FBAFE00B4F428;
					};
					E7AF18111C5FBAFF00B4F428 = {
						CreatedOnToolsVersion = 7.2;
						DevelopmentTeam = EHXNQ9DX5M;
						TestTargetID = E7AF17F21C5FBAFE00B4F428;
					};
				};
			};
			buildConfigurationList = E7AF17EE1C5FBAFE00B4F428 /* Build configuration list for PBXProject "YXMusic音乐播放器" */;
			compatibilityVersion = "Xcode 3.2";
			developmentRegion = English;
			hasScannedForEncodings = 0;
			knownRegions = (
				en,
				Base,
			);
			mainGroup = E7AF17EA1C5FBAFE00B4F428;
			productRefGroup = E7AF17F41C5FBAFE00B4F428 /* Products */;
			projectDirPath = "";
			projectRoot = "";
			targets = (
				E7AF17F21C5FBAFE00B4F428 /* YXMusic音乐播放器 */,
				E7AF18061C5FBAFF00B4F428 /* YXMusic音乐播放器Tests */,
				E7AF18111C5FBAFF00B4F428 /* YXMusic音乐播放器UITests */,
			);
		};
/* End PBXProject section */

/* Begin PBXResourcesBuildPhase section */
		E7AF17F11C5FBAFE00B4F428 /* Resources */ = {
			isa = PBXResourcesBuildPhase;
			buildActionMask = 2147483647;
			files = (
				E74C60E81C606B6C00A03DF8 /* 120125029.mp3 in Resources */,
				E74C60E41C606B6C00A03DF8 /* 309769.lrc in Resources */,
				E74C60ED1C606B6C00A03DF8 /* 309769.mp3 in Resources */,
				E74C60D41C606B6C00A03DF8 /* jj_icon@2x.png in Resources */,
				E74C60D21C606B6C00A03DF8 /* jay_icon@2x.png in Resources */,
				E74C60EE1C606B6C00A03DF8 /* 339744.mp3 in Resources */,
				E74C60DE1C606B6C00A03DF8 /* 10736444.lrc in Resources */,
				E74C60D81C606B6C00A03DF8 /* nanquan_icon@2x.jpg in Resources */,
				E74C60CC1C606B6C00A03DF8 /* bb_icon@2x.jpg in Resources */,
				E74C60D61C606B6C00A03DF8 /* kzxd_icon@2x.jpg in Resources */,
				E74C60EF1C606B6C00A03DF8 /* Musics.plist in Resources */,
				E74C60E71C606B6C00A03DF8 /* 10736444.mp3 in Resources */,
				E74C60DC1C606B6C00A03DF8 /* zxy_icon@2x.jpg in Resources */,
				E74C60D11C606B6C00A03DF8 /* jay@2x.jpg in Resources */,
				E7AF18011C5FBAFE00B4F428 /* LaunchScreen.storyboard in Resources */,
				E74C60CD1C606B6C00A03DF8 /* dzq@2x.jpg in Resources */,
				E74C60E31C606B6C00A03DF8 /* 255319.lrc in Resources */,
				E74C60E01C606B6C00A03DF8 /* 12309111.lrc in Resources */,
				E74C60DA1C606B6C00A03DF8 /* wf_icon@2x.jpg in Resources */,
				E74C60E21C606B6C00A03DF8 /* 235319.lrc in Resources */,
				E74C60D01C606B6C00A03DF8 /* eason_icon@2x.jpg in Resources */,
				E74C60DB1C606B6C00A03DF8 /* zxy@2x.jpg in Resources */,
				E74C60E51C606B6C00A03DF8 /* 339744.lrc in Resources */,
				E74C60E91C606B6C00A03DF8 /* 12309111.mp3 in Resources */,
				E74C60D51C606B6C00A03DF8 /* kzxd@2x.jpg in Resources */,
				E74C60D71C606B6C00A03DF8 /* nanquan@2x.jpg in Resources */,
				E74C60D91C606B6C00A03DF8 /* wf@2x.jpg in Resources */,
				E74C60D31C606B6C00A03DF8 /* jj@2x.jpg in Resources */,
				E74C60CF1C606B6C00A03DF8 /* eason@2x.jpg in Resources */,
				E74C60DF1C606B6C00A03DF8 /* 120125029.lrc in Resources */,
				E74C60EB1C606B6C00A03DF8 /* 235319.mp3 in Resources */,
				E74C60CE1C606B6C00A03DF8 /* dzq_icon@2x.jpg in Resources */,
				E74C60EC1C606B6C00A03DF8 /* 255319.mp3 in Resources */,
				E74C60DD1C606B6C00A03DF8 /* 10405520.lrc in Resources */,
				E74C60E11C606B6C00A03DF8 /* 14945107.lrc in Resources */,
				E7AF17FE1C5FBAFE00B4F428 /* Assets.xcassets in Resources */,
				E74C60E61C606B6C00A03DF8 /* 10405520.mp3 in Resources */,
				E74C61001C60A15400A03DF8 /* YXPlayingViewController.xib in Resources */,
				E74C60CB1C606B6C00A03DF8 /* bb@2x.jpg in Resources */,
				E74C60EA1C606B6C00A03DF8 /* 14945107.mp3 in Resources */,
				E7AF17FC1C5FBAFE00B4F428 /* Main.storyboard in Resources */,
			);
			runOnlyForDeploymentPostprocessing = 0;
		};
		E7AF18051C5FBAFF00B4F428 /* Resources */ = {
			isa = PBXResourcesBuildPhase;
			buildActionMask = 2147483647;
			files = (
			);
			runOnlyForDeploymentPostprocessing = 0;
		};
		E7AF18101C5FBAFF00B4F428 /* Resources */ = {
			isa = PBXResourcesBuildPhase;
			buildActionMask = 2147483647;
			files = (
			);
			runOnlyForDeploymentPostprocessing = 0;
		};
/* End PBXResourcesBuildPhase section */

/* Begin PBXShellScriptBuildPhase section */
		30300424FB5E545E4EF55519 /* Embed Pods Frameworks */ = {
			isa = PBXShellScriptBuildPhase;
			buildActionMask = 2147483647;
			files = (
			);
			inputPaths = (
			);
			name = "Embed Pods Frameworks";
			outputPaths = (
			);
			runOnlyForDeploymentPostprocessing = 0;
			shellPath = /bin/sh;
			shellScript = "\"${SRCROOT}/Pods/Target Support Files/Pods-YXMusic音乐播放器/Pods-YXMusic音乐播放器-frameworks.sh\"\n";
			showEnvVarsInLog = 0;
		};
		7ABAE95BC37E7124E51CCC77 /* Check Pods Manifest.lock */ = {
			isa = PBXShellScriptBuildPhase;
			buildActionMask = 2147483647;
			files = (
			);
			inputPaths = (
			);
			name = "Check Pods Manifest.lock";
			outputPaths = (
			);
			runOnlyForDeploymentPostprocessing = 0;
			shellPath = /bin/sh;
			shellScript = "diff \"${PODS_ROOT}/../Podfile.lock\" \"${PODS_ROOT}/Manifest.lock\" > /dev/null\nif [[ $? != 0 ]] ; then\n    cat << EOM\nerror: The sandbox is not in sync with the Podfile.lock. Run 'pod install' or update your CocoaPods installation.\nEOM\n    exit 1\nfi\n";
			showEnvVarsInLog = 0;
		};
		F89B4D100A1E8617FA60B287 /* Copy Pods Resources */ = {
			isa = PBXShellScriptBuildPhase;
			buildActionMask = 2147483647;
			files = (
			);
			inputPaths = (
			);
			name = "Copy Pods Resources";
			outputPaths = (
			);
			runOnlyForDeploymentPostprocessing = 0;
			shellPath = /bin/sh;
			shellScript = "\"${SRCROOT}/Pods/Target Support Files/Pods-YXMusic音乐播放器/Pods-YXMusic音乐播放器-resources.sh\"\n";
			showEnvVarsInLog = 0;
		};
/* End PBXShellScriptBuildPhase section */

/* Begin PBXSourcesBuildPhase section */
		E7AF17EF1C5FBAFE00B4F428 /* Sources */ = {
			isa = PBXSourcesBuildPhase;
			buildActionMask = 2147483647;
			files = (
				E74C60F31C606D0000A03DF8 /* MusicModal.swift in Sources */,
				E74C60F81C60735C00A03DF8 /* AudioTool.swift in Sources */,
				E7AF17F71C5FBAFE00B4F428 /* AppDelegate.swift in Sources */,
				E74C60F61C60703800A03DF8 /* extension.swift in Sources */,
				E74C60FC1C609DDE00A03DF8 /* YXMusicTool.swift in Sources */,
				E74C60F11C606BEE00A03DF8 /* HomeTabViewController.swift in Sources */,
				E74C60FE1C60A12400A03DF8 /* YXPlayingViewController.swift in Sources */,
			);
			runOnlyForDeploymentPostprocessing = 0;
		};
		E7AF18031C5FBAFF00B4F428 /* Sources */ = {
			isa = PBXSourcesBuildPhase;
			buildActionMask = 2147483647;
			files = (
				E7AF180C1C5FBAFF00B4F428 /* YXMusic_____Tests.swift in Sources */,
			);
			runOnlyForDeploymentPostprocessing = 0;
		};
		E7AF180E1C5FBAFF00B4F428 /* Sources */ = {
			isa = PBXSourcesBuildPhase;
			buildActionMask = 2147483647;
			files = (
				E7AF18171C5FBAFF00B4F428 /* YXMusic_____UITests.swift in Sources */,
			);
			runOnlyForDeploymentPostprocessing = 0;
		};
/* End PBXSourcesBuildPhase section */

/* Begin PBXTargetDependency section */
		E7AF18091C5FBAFF00B4F428 /* PBXTargetDependency */ = {
			isa = PBXTargetDependency;
			target = E7AF17F21C5FBAFE00B4F428 /* YXMusic音乐播放器 */;
			targetProxy = E7AF18081C5FBAFF00B4F428 /* PBXContainerItemProxy */;
		};
		E7AF18141C5FBAFF00B4F428 /* PBXTargetDependency */ = {
			isa = PBXTargetDependency;
			target = E7AF17F21C5FBAFE00B4F428 /* YXMusic音乐播放器 */;
			targetProxy = E7AF18131C5FBAFF00B4F428 /* PBXContainerItemProxy */;
		};
/* End PBXTargetDependency section */

/* Begin PBXVariantGroup section */
		E7AF17FA1C5FBAFE00B4F428 /* Main.storyboard */ = {
			isa = PBXVariantGroup;
			children = (
				E7AF17FB1C5FBAFE00B4F428 /* Base */,
			);
			name = Main.storyboard;
			sourceTree = "<group>";
		};
		E7AF17FF1C5FBAFE00B4F428 /* LaunchScreen.storyboard */ = {
			isa = PBXVariantGroup;
			children = (
				E7AF18001C5FBAFE00B4F428 /* Base */,
			);
			name = LaunchScreen.storyboard;
			sourceTree = "<group>";
		};
/* End PBXVariantGroup section */

/* Begin XCBuildConfiguration section */
		E7AF18191C5FBAFF00B4F428 /* Debug */ = {
			isa = XCBuildConfiguration;
			buildSettings = {
				ALWAYS_SEARCH_USER_PATHS = NO;
				CLANG_CXX_LANGUAGE_STANDARD = "gnu++0x";
				CLANG_CXX_LIBRARY = "libc++";
				CLANG_ENABLE_MODULES = YES;
				CLANG_ENABLE_OBJC_ARC = YES;
				CLANG_WARN_BOOL_CONVERSION = YES;
				CLANG_WARN_CONSTANT_CONVERSION = YES;
				CLANG_WARN_DIRECT_OBJC_ISA_USAGE = YES_ERROR;
				CLANG_WARN_EMPTY_BODY = YES;
				CLANG_WARN_ENUM_CONVERSION = YES;
				CLANG_WARN_INT_CONVERSION = YES;
				CLANG_WARN_OBJC_ROOT_CLASS = YES_ERROR;
				CLANG_WARN_UNREACHABLE_CODE = YES;
				CLANG_WARN__DUPLICATE_METHOD_MATCH = YES;
				"CODE_SIGN_IDENTITY[sdk=iphoneos*]" = "iPhone Developer";
				COPY_PHASE_STRIP = NO;
				DEBUG_INFORMATION_FORMAT = dwarf;
				ENABLE_STRICT_OBJC_MSGSEND = YES;
				ENABLE_TESTABILITY = YES;
				GCC_C_LANGUAGE_STANDARD = gnu99;
				GCC_DYNAMIC_NO_PIC = NO;
				GCC_NO_COMMON_BLOCKS = YES;
				GCC_OPTIMIZATION_LEVEL = 0;
				GCC_PREPROCESSOR_DEFINITIONS = (
					"DEBUG=1",
					"$(inherited)",
				);
				GCC_WARN_64_TO_32_BIT_CONVERSION = YES;
				GCC_WARN_ABOUT_RETURN_TYPE = YES_ERROR;
				GCC_WARN_UNDECLARED_SELECTOR = YES;
				GCC_WARN_UNINITIALIZED_AUTOS = YES_AGGRESSIVE;
				GCC_WARN_UNUSED_FUNCTION = YES;
				GCC_WARN_UNUSED_VARIABLE = YES;
				IPHONEOS_DEPLOYMENT_TARGET = 9.2;
				MTL_ENABLE_DEBUG_INFO = YES;
				ONLY_ACTIVE_ARCH = YES;
				SDKROOT = iphoneos;
				SWIFT_OPTIMIZATION_LEVEL = "-Onone";
			};
			name = Debug;
		};
		E7AF181A1C5FBAFF00B4F428 /* Release */ = {
			isa = XCBuildConfiguration;
			buildSettings = {
				ALWAYS_SEARCH_USER_PATHS = NO;
				CLANG_CXX_LANGUAGE_STANDARD = "gnu++0x";
				CLANG_CXX_LIBRARY = "libc++";
				CLANG_ENABLE_MODULES = YES;
				CLANG_ENABLE_OBJC_ARC = YES;
				CLANG_WARN_BOOL_CONVERSION = YES;
				CLANG_WARN_CONSTANT_CONVERSION = YES;
				CLANG_WARN_DIRECT_OBJC_ISA_USAGE = YES_ERROR;
				CLANG_WARN_EMPTY_BODY = YES;
				CLANG_WARN_ENUM_CONVERSION = YES;
				CLANG_WARN_INT_CONVERSION = YES;
				CLANG_WARN_OBJC_ROOT_CLASS = YES_ERROR;
				CLANG_WARN_UNREACHABLE_CODE = YES;
				CLANG_WARN__DUPLICATE_METHOD_MATCH = YES;
				"CODE_SIGN_IDENTITY[sdk=iphoneos*]" = "iPhone Developer";
				COPY_PHASE_STRIP = NO;
				DEBUG_INFORMATION_FORMAT = "dwarf-with-dsym";
				ENABLE_NS_ASSERTIONS = NO;
				ENABLE_STRICT_OBJC_MSGSEND = YES;
				GCC_C_LANGUAGE_STANDARD = gnu99;
				GCC_NO_COMMON_BLOCKS = YES;
				GCC_WARN_64_TO_32_BIT_CONVERSION = YES;
				GCC_WARN_ABOUT_RETURN_TYPE = YES_ERROR;
				GCC_WARN_UNDECLARED_SELECTOR = YES;
				GCC_WARN_UNINITIALIZED_AUTOS = YES_AGGRESSIVE;
				GCC_WARN_UNUSED_FUNCTION = YES;
				GCC_WARN_UNUSED_VARIABLE = YES;
				IPHONEOS_DEPLOYMENT_TARGET = 9.2;
				MTL_ENABLE_DEBUG_INFO = NO;
				SDKROOT = iphoneos;
				VALIDATE_PRODUCT = YES;
			};
			name = Release;
		};
		E7AF181C1C5FBAFF00B4F428 /* Debug */ = {
			isa = XCBuildConfiguration;
			baseConfigurationReference = CCC5D95155A1BDC1ED16EDF7 /* Pods-YXMusic音乐播放器.debug.xcconfig */;
			buildSettings = {
				ASSETCATALOG_COMPILER_APPICON_NAME = AppIcon;
				INFOPLIST_FILE = "YXMusic音乐播放器/Info.plist";
				IPHONEOS_DEPLOYMENT_TARGET = 8.0;
				LD_RUNPATH_SEARCH_PATHS = "$(inherited) @executable_path/Frameworks";
				PRODUCT_BUNDLE_IDENTIFIER = "PaulY.YXMusic-----";
				PRODUCT_NAME = "$(TARGET_NAME)";
			};
			name = Debug;
		};
		E7AF181D1C5FBAFF00B4F428 /* Release */ = {
			isa = XCBuildConfiguration;
			baseConfigurationReference = A88D72BBAA16F2496E29C997 /* Pods-YXMusic音乐播放器.release.xcconfig */;
			buildSettings = {
				ASSETCATALOG_COMPILER_APPICON_NAME = AppIcon;
				INFOPLIST_FILE = "YXMusic音乐播放器/Info.plist";
				IPHONEOS_DEPLOYMENT_TARGET = 8.0;
				LD_RUNPATH_SEARCH_PATHS = "$(inherited) @executable_path/Frameworks";
				PRODUCT_BUNDLE_IDENTIFIER = "PaulY.YXMusic-----";
				PRODUCT_NAME = "$(TARGET_NAME)";
			};
			name = Release;
		};
		E7AF181F1C5FBAFF00B4F428 /* Debug */ = {
			isa = XCBuildConfiguration;
			buildSettings = {
				BUNDLE_LOADER = "$(TEST_HOST)";
				INFOPLIST_FILE = "YXMusic音乐播放器Tests/Info.plist";
				LD_RUNPATH_SEARCH_PATHS = "$(inherited) @executable_path/Frameworks @loader_path/Frameworks";
				PRODUCT_BUNDLE_IDENTIFIER = "PaulY.YXMusic-----Tests";
				PRODUCT_NAME = "$(TARGET_NAME)";
				TEST_HOST = "$(BUILT_PRODUCTS_DIR)/YXMusic音乐播放器.app/YXMusic音乐播放器";
			};
			name = Debug;
		};
		E7AF18201C5FBAFF00B4F428 /* Release */ = {
			isa = XCBuildConfiguration;
			buildSettings = {
				BUNDLE_LOADER = "$(TEST_HOST)";
				INFOPLIST_FILE = "YXMusic音乐播放器Tests/Info.plist";
				LD_RUNPATH_SEARCH_PATHS = "$(inherited) @executable_path/Frameworks @loader_path/Frameworks";
				PRODUCT_BUNDLE_IDENTIFIER = "PaulY.YXMusic-----Tests";
				PRODUCT_NAME = "$(TARGET_NAME)";
				TEST_HOST = "$(BUILT_PRODUCTS_DIR)/YXMusic音乐播放器.app/YXMusic音乐播放器";
			};
			name = Release;
		};
		E7AF18221C5FBAFF00B4F428 /* Debug */ = {
			isa = XCBuildConfiguration;
			buildSettings = {
				INFOPLIST_FILE = "YXMusic音乐播放器UITests/Info.plist";
				LD_RUNPATH_SEARCH_PATHS = "$(inherited) @executable_path/Frameworks @loader_path/Frameworks";
				PRODUCT_BUNDLE_IDENTIFIER = "PaulY.YXMusic-----UITests";
				PRODUCT_NAME = "$(TARGET_NAME)";
				TEST_TARGET_NAME = "YXMusic音乐播放器";
				USES_XCTRUNNER = YES;
			};
			name = Debug;
		};
		E7AF18231C5FBAFF00B4F428 /* Release */ = {
			isa = XCBuildConfiguration;
			buildSettings = {
				INFOPLIST_FILE = "YXMusic音乐播放器UITests/Info.plist";
				LD_RUNPATH_SEARCH_PATHS = "$(inherited) @executable_path/Frameworks @loader_path/Frameworks";
				PRODUCT_BUNDLE_IDENTIFIER = "PaulY.YXMusic-----UITests";
				PRODUCT_NAME = "$(TARGET_NAME)";
				TEST_TARGET_NAME = "YXMusic音乐播放器";
				USES_XCTRUNNER = YES;
			};
			name = Release;
		};
/* End XCBuildConfiguration section */

/* Begin XCConfigurationList section */
		E7AF17EE1C5FBAFE00B4F428 /* Build configuration list for PBXProject "YXMusic音乐播放器" */ = {
			isa = XCConfigurationList;
			buildConfigurations = (
				E7AF18191C5FBAFF00B4F428 /* Debug */,
				E7AF181A1C5FBAFF00B4F428 /* Release */,
			);
			defaultConfigurationIsVisible = 0;
			defaultConfigurationName = Release;
		};
		E7AF181B1C5FBAFF00B4F428 /* Build configuration list for PBXNativeTarget "YXMusic音乐播放器" */ = {
			isa = XCConfigurationList;
			buildConfigurations = (
				E7AF181C1C5FBAFF00B4F428 /* Debug */,
				E7AF181D1C5FBAFF00B4F428 /* Release */,
			);
			defaultConfigurationIsVisible = 0;
			defaultConfigurationName = Release;
		};
		E7AF181E1C5FBAFF00B4F428 /* Build configuration list for PBXNativeTarget "YXMusic音乐播放器Tests" */ = {
			isa = XCConfigurationList;
			buildConfigurations = (
				E7AF181F1C5FBAFF00B4F428 /* Debug */,
				E7AF18201C5FBAFF00B4F428 /* Release */,
			);
			defaultConfigurationIsVisible = 0;
			defaultConfigurationName = Release;
		};
		E7AF18211C5FBAFF00B4F428 /* Build configuration list for PBXNativeTarget "YXMusic音乐播放器UITests" */ = {
			isa = XCConfigurationList;
			buildConfigurations = (
				E7AF18221C5FBAFF00B4F428 /* Debug */,
				E7AF18231C5FBAFF00B4F428 /* Release */,
			);
			defaultConfigurationIsVisible = 0;
			defaultConfigurationName = Release;
		};
/* End XCConfigurationList section */
	};
	rootObject = E7AF17EB1C5FBAFE00B4F428 /* Project object */;
}
